cloud.google.com/go v0.114.0 h1:OIPFAdfrFDFO2ve2U7r/H5SwSbBzEdrBdE7xkgwc+kY=
cloud.google.com/go v0.114.0/go.mod h1:ZV9La5YYxctro1HTPug5lXH/GefROyW8PPD4T8n9J8E=
github.com/alpacahq/alpaca-trade-api-go/v3 v3.4.0 h1:tcglbJ4agWXt9MNisK1cnoigRDmWEX85yb94IkQ52BU=
github.com/alpacahq/alpaca-trade-api-go/v3 v3.4.0/go.mod h1:yQZTQ0N6Rfo8Sg7ishqAZ1i/ybMZBqo1xSW8M/LXqJg=
github.com/josharian/intern v1.0.0 h1:vlS4z54oSdjm0bgjRigI+G1HpF+tI+9rE5LLzOg8HmY=
github.com/josharian/intern v1.0.0/go.mod h1:5DoeVV0s6jJacbCEi61lwdGj/aVlrQvzHFFd8Hwg//Y=
github.com/mailru/easyjson v0.7.7 h1:UGYAvKxe3sBsEDzO8ZeWOSlIQfWFlxbzLZe7hwFURr0=
github.com/mailru/easyjson v0.7.7/go.mod h1:xzfreul335JAWq5oZzymOObrkdz5UnU4kGfJJLY9Nlc=
github.com/shopspring/decimal v1.4.0 h1:bxl37RwXBklmTi0C79JfXCEBD1cqqHt0bbgBAGFp81k=
github.com/shopspring/decimal v1.4.0/go.mod h1:gawqmDU56v4yIKSwfBSFip1HdCCXN8/+DMd9qYNcwME=
